// !$*UTF8*$!
{
	archiveVersion = 1;
	classes = {
	};
	objectVersion = 48;
	objects = {

/* Begin PBXBuildFile section */
		060ACE6C1F8FDBD90009E5BF /* AppDelegate.swift in Sources */ = {isa = PBXBuildFile; fileRef = 060ACE6B1F8FDBD90009E5BF /* AppDelegate.swift */; };
		060ACE711F8FDBD90009E5BF /* Main.storyboard in Resources */ = {isa = PBXBuildFile; fileRef = 060ACE6F1F8FDBD90009E5BF /* Main.storyboard */; };
		060ACE731F8FDBD90009E5BF /* Assets.xcassets in Resources */ = {isa = PBXBuildFile; fileRef = 060ACE721F8FDBD90009E5BF /* Assets.xcassets */; };
		060ACE761F8FDBD90009E5BF /* LaunchScreen.storyboard in Resources */ = {isa = PBXBuildFile; fileRef = 060ACE741F8FDBD90009E5BF /* LaunchScreen.storyboard */; };
		060ACE851F8FF1F60009E5BF /* ChatVC.swift in Sources */ = {isa = PBXBuildFile; fileRef = 060ACE841F8FF1F60009E5BF /* ChatVC.swift */; };
		060ACE871F8FF2140009E5BF /* ChannelVC.swift in Sources */ = {isa = PBXBuildFile; fileRef = 060ACE861F8FF2140009E5BF /* ChannelVC.swift */; };
		060ACE881F8FF91E0009E5BF /* SWRevealViewController.m in Sources */ = {isa = PBXBuildFile; fileRef = 060ACE7F1F8FE4100009E5BF /* SWRevealViewController.m */; };
		060ACE8A1F91278E0009E5BF /* GradientView.swift in Sources */ = {isa = PBXBuildFile; fileRef = 060ACE891F91278D0009E5BF /* GradientView.swift */; };
		060B54051FA27777007027C0 /* MessageService.swift in Sources */ = {isa = PBXBuildFile; fileRef = 060B54041FA27777007027C0 /* MessageService.swift */; };
		060B54071FA277C9007027C0 /* Channel.swift in Sources */ = {isa = PBXBuildFile; fileRef = 060B54061FA277C9007027C0 /* Channel.swift */; };
		060B540A1FA294F8007027C0 /* AddChannelVC.swift in Sources */ = {isa = PBXBuildFile; fileRef = 060B54081FA294F8007027C0 /* AddChannelVC.swift */; };
		060B540B1FA294F8007027C0 /* AddChannelVC.xib in Resources */ = {isa = PBXBuildFile; fileRef = 060B54091FA294F8007027C0 /* AddChannelVC.xib */; };
		0612F13A1F9AB0C200CA973D /* AuthService.swift in Sources */ = {isa = PBXBuildFile; fileRef = 0612F1391F9AB0C200CA973D /* AuthService.swift */; };
		061A0A451FB62C5B00FE8B44 /* MessageCell.swift in Sources */ = {isa = PBXBuildFile; fileRef = 061A0A441FB62C5B00FE8B44 /* MessageCell.swift */; };
		061A0A471FB6508400FE8B44 /* RoundLabel.swift in Sources */ = {isa = PBXBuildFile; fileRef = 061A0A461FB6508300FE8B44 /* RoundLabel.swift */; };
		061A97611F9D1130004720AA /* RoundedButton.swift in Sources */ = {isa = PBXBuildFile; fileRef = 061A97601F9D1130004720AA /* RoundedButton.swift */; };
		061A97631F9D23AC004720AA /* UserDataService.swift in Sources */ = {isa = PBXBuildFile; fileRef = 061A97621F9D23AC004720AA /* UserDataService.swift */; };
		062783441F9FE667000F7BDE /* AvatarPickerVC.swift in Sources */ = {isa = PBXBuildFile; fileRef = 062783431F9FE667000F7BDE /* AvatarPickerVC.swift */; };
		062783461F9FFBE3000F7BDE /* AvatarCell.swift in Sources */ = {isa = PBXBuildFile; fileRef = 062783451F9FFBE3000F7BDE /* AvatarCell.swift */; };
		064F78741FB4E1E5008F321F /* Message.swift in Sources */ = {isa = PBXBuildFile; fileRef = 064F78731FB4E1E5008F321F /* Message.swift */; };
		064F78761FB4F0C6008F321F /* keyboardCustomView.swift in Sources */ = {isa = PBXBuildFile; fileRef = 064F78751FB4F0C6008F321F /* keyboardCustomView.swift */; };
		0657573C1F99213300F89D18 /* Constants.swift in Sources */ = {isa = PBXBuildFile; fileRef = 0657573B1F99213300F89D18 /* Constants.swift */; };
		0657573E1F993ACB00F89D18 /* LoginVC.swift in Sources */ = {isa = PBXBuildFile; fileRef = 0657573D1F993ACB00F89D18 /* LoginVC.swift */; };
		065757401F995E8B00F89D18 /* CreateAcctVC.swift in Sources */ = {isa = PBXBuildFile; fileRef = 0657573F1F995E8B00F89D18 /* CreateAcctVC.swift */; };
		06D9D56A1FA0FC6F001A2C46 /* CircleImage.swift in Sources */ = {isa = PBXBuildFile; fileRef = 06D9D5691FA0FC6F001A2C46 /* CircleImage.swift */; };
		06D9D56D1FA141E6001A2C46 /* ProfileVC.swift in Sources */ = {isa = PBXBuildFile; fileRef = 06D9D56B1FA141E5001A2C46 /* ProfileVC.swift */; };
		06D9D56E1FA141E6001A2C46 /* ProfileVC.xib in Resources */ = {isa = PBXBuildFile; fileRef = 06D9D56C1FA141E6001A2C46 /* ProfileVC.xib */; };
		06F439B81FAE423600404A88 /* SocketService.swift in Sources */ = {isa = PBXBuildFile; fileRef = 06F439B71FAE423600404A88 /* SocketService.swift */; };
		06F439BA1FAE519F00404A88 /* ChannelCell.swift in Sources */ = {isa = PBXBuildFile; fileRef = 06F439B91FAE519F00404A88 /* ChannelCell.swift */; };
		4C9D34EC6FB8C43199F826CB /* Pods_ChatApp.framework in Frameworks */ = {isa = PBXBuildFile; fileRef = B133A7D9D15ABF282C97F3B1 /* Pods_ChatApp.framework */; };
/* End PBXBuildFile section */

/* Begin PBXFileReference section */
		060ACE681F8FDBD90009E5BF /* ChatApp.app */ = {isa = PBXFileReference; explicitFileType = wrapper.application; includeInIndex = 0; path = ChatApp.app; sourceTree = BUILT_PRODUCTS_DIR; };
		060ACE6B1F8FDBD90009E5BF /* AppDelegate.swift */ = {isa = PBXFileReference; lastKnownFileType = sourcecode.swift; path = AppDelegate.swift; sourceTree = "<group>"; };
		060ACE701F8FDBD90009E5BF /* Base */ = {isa = PBXFileReference; lastKnownFileType = file.storyboard; name = Base; path = Base.lproj/Main.storyboard; sourceTree = "<group>"; };
		060ACE721F8FDBD90009E5BF /* Assets.xcassets */ = {isa = PBXFileReference; lastKnownFileType = folder.assetcatalog; path = Assets.xcassets; sourceTree = "<group>"; };
		060ACE751F8FDBD90009E5BF /* Base */ = {isa = PBXFileReference; lastKnownFileType = file.storyboard; name = Base; path = Base.lproj/LaunchScreen.storyboard; sourceTree = "<group>"; };
		060ACE771F8FDBD90009E5BF /* Info.plist */ = {isa = PBXFileReference; lastKnownFileType = text.plist.xml; path = Info.plist; sourceTree = "<group>"; };
		060ACE7E1F8FE40F0009E5BF /* ChatApp-Bridging-Header.h */ = {isa = PBXFileReference; lastKnownFileType = sourcecode.c.h; path = "ChatApp-Bridging-Header.h"; sourceTree = "<group>"; };
		060ACE7F1F8FE4100009E5BF /* SWRevealViewController.m */ = {isa = PBXFileReference; lastKnownFileType = sourcecode.c.objc; path = SWRevealViewController.m; sourceTree = "<group>"; };
		060ACE801F8FE4100009E5BF /* SWRevealViewController.h */ = {isa = PBXFileReference; lastKnownFileType = sourcecode.c.h; path = SWRevealViewController.h; sourceTree = "<group>"; };
		060ACE841F8FF1F60009E5BF /* ChatVC.swift */ = {isa = PBXFileReference; lastKnownFileType = sourcecode.swift; path = ChatVC.swift; sourceTree = "<group>"; };
		060ACE861F8FF2140009E5BF /* ChannelVC.swift */ = {isa = PBXFileReference; lastKnownFileType = sourcecode.swift; path = ChannelVC.swift; sourceTree = "<group>"; };
		060ACE891F91278D0009E5BF /* GradientView.swift */ = {isa = PBXFileReference; lastKnownFileType = sourcecode.swift; path = GradientView.swift; sourceTree = "<group>"; };
		060B54041FA27777007027C0 /* MessageService.swift */ = {isa = PBXFileReference; lastKnownFileType = sourcecode.swift; path = MessageService.swift; sourceTree = "<group>"; };
		060B54061FA277C9007027C0 /* Channel.swift */ = {isa = PBXFileReference; lastKnownFileType = sourcecode.swift; path = Channel.swift; sourceTree = "<group>"; };
		060B54081FA294F8007027C0 /* AddChannelVC.swift */ = {isa = PBXFileReference; lastKnownFileType = sourcecode.swift; path = AddChannelVC.swift; sourceTree = "<group>"; };
		060B54091FA294F8007027C0 /* AddChannelVC.xib */ = {isa = PBXFileReference; lastKnownFileType = file.xib; path = AddChannelVC.xib; sourceTree = "<group>"; };
		0612F1391F9AB0C200CA973D /* AuthService.swift */ = {isa = PBXFileReference; lastKnownFileType = sourcecode.swift; path = AuthService.swift; sourceTree = "<group>"; };
		061A0A441FB62C5B00FE8B44 /* MessageCell.swift */ = {isa = PBXFileReference; lastKnownFileType = sourcecode.swift; path = MessageCell.swift; sourceTree = "<group>"; };
		061A0A461FB6508300FE8B44 /* RoundLabel.swift */ = {isa = PBXFileReference; lastKnownFileType = sourcecode.swift; path = RoundLabel.swift; sourceTree = "<group>"; };
		061A97601F9D1130004720AA /* RoundedButton.swift */ = {isa = PBXFileReference; lastKnownFileType = sourcecode.swift; path = RoundedButton.swift; sourceTree = "<group>"; };
		061A97621F9D23AC004720AA /* UserDataService.swift */ = {isa = PBXFileReference; lastKnownFileType = sourcecode.swift; path = UserDataService.swift; sourceTree = "<group>"; };
		062783431F9FE667000F7BDE /* AvatarPickerVC.swift */ = {isa = PBXFileReference; lastKnownFileType = sourcecode.swift; path = AvatarPickerVC.swift; sourceTree = "<group>"; };
		062783451F9FFBE3000F7BDE /* AvatarCell.swift */ = {isa = PBXFileReference; lastKnownFileType = sourcecode.swift; path = AvatarCell.swift; sourceTree = "<group>"; };
		064F78731FB4E1E5008F321F /* Message.swift */ = {isa = PBXFileReference; lastKnownFileType = sourcecode.swift; path = Message.swift; sourceTree = "<group>"; };
		064F78751FB4F0C6008F321F /* keyboardCustomView.swift */ = {isa = PBXFileReference; lastKnownFileType = sourcecode.swift; path = keyboardCustomView.swift; sourceTree = "<group>"; };
		0657573B1F99213300F89D18 /* Constants.swift */ = {isa = PBXFileReference; lastKnownFileType = sourcecode.swift; path = Constants.swift; sourceTree = "<group>"; };
		0657573D1F993ACB00F89D18 /* LoginVC.swift */ = {isa = PBXFileReference; lastKnownFileType = sourcecode.swift; path = LoginVC.swift; sourceTree = "<group>"; };
		0657573F1F995E8B00F89D18 /* CreateAcctVC.swift */ = {isa = PBXFileReference; lastKnownFileType = sourcecode.swift; path = CreateAcctVC.swift; sourceTree = "<group>"; };
		06D9D5691FA0FC6F001A2C46 /* CircleImage.swift */ = {isa = PBXFileReference; lastKnownFileType = sourcecode.swift; path = CircleImage.swift; sourceTree = "<group>"; };
		06D9D56B1FA141E5001A2C46 /* ProfileVC.swift */ = {isa = PBXFileReference; lastKnownFileType = sourcecode.swift; path = ProfileVC.swift; sourceTree = "<group>"; };
		06D9D56C1FA141E6001A2C46 /* ProfileVC.xib */ = {isa = PBXFileReference; lastKnownFileType = file.xib; path = ProfileVC.xib; sourceTree = "<group>"; };
		06F439B71FAE423600404A88 /* SocketService.swift */ = {isa = PBXFileReference; lastKnownFileType = sourcecode.swift; path = SocketService.swift; sourceTree = "<group>"; };
		06F439B91FAE519F00404A88 /* ChannelCell.swift */ = {isa = PBXFileReference; lastKnownFileType = sourcecode.swift; path = ChannelCell.swift; sourceTree = "<group>"; };
		1DA9DAC634D043E31FF923DC /* Pods-ChatApp.release.xcconfig */ = {isa = PBXFileReference; includeInIndex = 1; lastKnownFileType = text.xcconfig; name = "Pods-ChatApp.release.xcconfig"; path = "Pods/Target Support Files/Pods-ChatApp/Pods-ChatApp.release.xcconfig"; sourceTree = "<group>"; };
		B133A7D9D15ABF282C97F3B1 /* Pods_ChatApp.framework */ = {isa = PBXFileReference; explicitFileType = wrapper.framework; includeInIndex = 0; path = Pods_ChatApp.framework; sourceTree = BUILT_PRODUCTS_DIR; };
		B54FE7498515DD2158EDEAB6 /* Pods-ChatApp.debug.xcconfig */ = {isa = PBXFileReference; includeInIndex = 1; lastKnownFileType = text.xcconfig; name = "Pods-ChatApp.debug.xcconfig"; path = "Pods/Target Support Files/Pods-ChatApp/Pods-ChatApp.debug.xcconfig"; sourceTree = "<group>"; };
/* End PBXFileReference section */

/* Begin PBXFrameworksBuildPhase section */
		060ACE651F8FDBD90009E5BF /* Frameworks */ = {
			isa = PBXFrameworksBuildPhase;
			buildActionMask = 2147483647;
			files = (
				4C9D34EC6FB8C43199F826CB /* Pods_ChatApp.framework in Frameworks */,
			);
			runOnlyForDeploymentPostprocessing = 0;
		};
/* End PBXFrameworksBuildPhase section */

/* Begin PBXGroup section */
		0366558F17B13792EA112F9D /* Pods */ = {
			isa = PBXGroup;
			children = (
				B54FE7498515DD2158EDEAB6 /* Pods-ChatApp.debug.xcconfig */,
				1DA9DAC634D043E31FF923DC /* Pods-ChatApp.release.xcconfig */,
			);
			name = Pods;
			sourceTree = "<group>";
		};
		060ACE5F1F8FDBD80009E5BF = {
			isa = PBXGroup;
			children = (
				060ACE7D1F8FE3A90009E5BF /* Supporting Files */,
				060ACE6A1F8FDBD90009E5BF /* ChatApp */,
				060ACE691F8FDBD90009E5BF /* Products */,
				0366558F17B13792EA112F9D /* Pods */,
				22B5DEC751B31D273A944517 /* Frameworks */,
			);
			sourceTree = "<group>";
		};
		060ACE691F8FDBD90009E5BF /* Products */ = {
			isa = PBXGroup;
			children = (
				060ACE681F8FDBD90009E5BF /* ChatApp.app */,
			);
			name = Products;
			sourceTree = "<group>";
		};
		060ACE6A1F8FDBD90009E5BF /* ChatApp */ = {
			isa = PBXGroup;
			children = (
				06D9D56F1FA14234001A2C46 /* XibFiles */,
				0612F1381F9AB08800CA973D /* Services */,
				0657573A1F9920CE00F89D18 /* Utilities */,
				060ACE831F8FF1CF0009E5BF /* Model */,
				060ACE821F8FF1CB0009E5BF /* View */,
				060ACE811F8FF1C50009E5BF /* Controller */,
				060ACE6B1F8FDBD90009E5BF /* AppDelegate.swift */,
				060ACE6F1F8FDBD90009E5BF /* Main.storyboard */,
				060ACE721F8FDBD90009E5BF /* Assets.xcassets */,
				060ACE741F8FDBD90009E5BF /* LaunchScreen.storyboard */,
				060ACE771F8FDBD90009E5BF /* Info.plist */,
			);
			path = ChatApp;
			sourceTree = "<group>";
		};
		060ACE7D1F8FE3A90009E5BF /* Supporting Files */ = {
			isa = PBXGroup;
			children = (
				060ACE801F8FE4100009E5BF /* SWRevealViewController.h */,
				060ACE7F1F8FE4100009E5BF /* SWRevealViewController.m */,
				060ACE7E1F8FE40F0009E5BF /* ChatApp-Bridging-Header.h */,
			);
			path = "Supporting Files";
			sourceTree = "<group>";
		};
		060ACE811F8FF1C50009E5BF /* Controller */ = {
			isa = PBXGroup;
			children = (
				060ACE841F8FF1F60009E5BF /* ChatVC.swift */,
				060ACE861F8FF2140009E5BF /* ChannelVC.swift */,
				0657573D1F993ACB00F89D18 /* LoginVC.swift */,
				0657573F1F995E8B00F89D18 /* CreateAcctVC.swift */,
				062783431F9FE667000F7BDE /* AvatarPickerVC.swift */,
				06D9D56B1FA141E5001A2C46 /* ProfileVC.swift */,
				060B54081FA294F8007027C0 /* AddChannelVC.swift */,
			);
			path = Controller;
			sourceTree = "<group>";
		};
		060ACE821F8FF1CB0009E5BF /* View */ = {
			isa = PBXGroup;
			children = (
				060ACE891F91278D0009E5BF /* GradientView.swift */,
				061A97601F9D1130004720AA /* RoundedButton.swift */,
				062783451F9FFBE3000F7BDE /* AvatarCell.swift */,
				06D9D5691FA0FC6F001A2C46 /* CircleImage.swift */,
				06F439B91FAE519F00404A88 /* ChannelCell.swift */,
				064F78751FB4F0C6008F321F /* keyboardCustomView.swift */,
				061A0A441FB62C5B00FE8B44 /* MessageCell.swift */,
				061A0A461FB6508300FE8B44 /* RoundLabel.swift */,
			);
			path = View;
			sourceTree = "<group>";
		};
		060ACE831F8FF1CF0009E5BF /* Model */ = {
			isa = PBXGroup;
			children = (
				060B54061FA277C9007027C0 /* Channel.swift */,
				064F78731FB4E1E5008F321F /* Message.swift */,
			);
			path = Model;
			sourceTree = "<group>";
		};
		0612F1381F9AB08800CA973D /* Services */ = {
			isa = PBXGroup;
			children = (
				0612F1391F9AB0C200CA973D /* AuthService.swift */,
				061A97621F9D23AC004720AA /* UserDataService.swift */,
				060B54041FA27777007027C0 /* MessageService.swift */,
				06F439B71FAE423600404A88 /* SocketService.swift */,
			);
			path = Services;
			sourceTree = "<group>";
		};
		0657573A1F9920CE00F89D18 /* Utilities */ = {
			isa = PBXGroup;
			children = (
				0657573B1F99213300F89D18 /* Constants.swift */,
			);
			path = Utilities;
			sourceTree = "<group>";
		};
		06D9D56F1FA14234001A2C46 /* XibFiles */ = {
			isa = PBXGroup;
			children = (
				06D9D56C1FA141E6001A2C46 /* ProfileVC.xib */,
				060B54091FA294F8007027C0 /* AddChannelVC.xib */,
			);
			path = XibFiles;
			sourceTree = "<group>";
		};
		22B5DEC751B31D273A944517 /* Frameworks */ = {
			isa = PBXGroup;
			children = (
				B133A7D9D15ABF282C97F3B1 /* Pods_ChatApp.framework */,
			);
			name = Frameworks;
			sourceTree = "<group>";
		};
/* End PBXGroup section */

/* Begin PBXNativeTarget section */
		060ACE671F8FDBD90009E5BF /* ChatApp */ = {
			isa = PBXNativeTarget;
			buildConfigurationList = 060ACE7A1F8FDBD90009E5BF /* Build configuration list for PBXNativeTarget "ChatApp" */;
			buildPhases = (
				2901872FD6563E10B2A85D8B /* [CP] Check Pods Manifest.lock */,
				060ACE641F8FDBD90009E5BF /* Sources */,
				060ACE651F8FDBD90009E5BF /* Frameworks */,
				060ACE661F8FDBD90009E5BF /* Resources */,
				FD76FE714618C9DCEB31EE1E /* [CP] Embed Pods Frameworks */,
				0FFB774DE3D9FFAEE8D52F49 /* [CP] Copy Pods Resources */,
			);
			buildRules = (
			);
			dependencies = (
			);
			name = ChatApp;
			productName = ChatApp;
			productReference = 060ACE681F8FDBD90009E5BF /* ChatApp.app */;
			productType = "com.apple.product-type.application";
		};
/* End PBXNativeTarget section */

/* Begin PBXProject section */
		060ACE601F8FDBD90009E5BF /* Project object */ = {
			isa = PBXProject;
			attributes = {
				LastSwiftUpdateCheck = 0900;
				LastUpgradeCheck = 0900;
				ORGANIZATIONNAME = GrayStudio;
				TargetAttributes = {
					060ACE671F8FDBD90009E5BF = {
						CreatedOnToolsVersion = 9.0;
						LastSwiftMigration = 0900;
						ProvisioningStyle = Automatic;
					};
				};
			};
			buildConfigurationList = 060ACE631F8FDBD90009E5BF /* Build configuration list for PBXProject "ChatApp" */;
			compatibilityVersion = "Xcode 8.0";
			developmentRegion = en;
			hasScannedForEncodings = 0;
			knownRegions = (
				en,
				Base,
			);
			mainGroup = 060ACE5F1F8FDBD80009E5BF;
			productRefGroup = 060ACE691F8FDBD90009E5BF /* Products */;
			projectDirPath = "";
			projectRoot = "";
			targets = (
				060ACE671F8FDBD90009E5BF /* ChatApp */,
			);
		};
/* End PBXProject section */

/* Begin PBXResourcesBuildPhase section */
		060ACE661F8FDBD90009E5BF /* Resources */ = {
			isa = PBXResourcesBuildPhase;
			buildActionMask = 2147483647;
			files = (
				060B540B1FA294F8007027C0 /* AddChannelVC.xib in Resources */,
				06D9D56E1FA141E6001A2C46 /* ProfileVC.xib in Resources */,
				060ACE761F8FDBD90009E5BF /* LaunchScreen.storyboard in Resources */,
				060ACE731F8FDBD90009E5BF /* Assets.xcassets in Resources */,
				060ACE711F8FDBD90009E5BF /* Main.storyboard in Resources */,
			);
			runOnlyForDeploymentPostprocessing = 0;
		};
/* End PBXResourcesBuildPhase section */

/* Begin PBXShellScriptBuildPhase section */
		0FFB774DE3D9FFAEE8D52F49 /* [CP] Copy Pods Resources */ = {
			isa = PBXShellScriptBuildPhase;
			buildActionMask = 2147483647;
			files = (
			);
			inputPaths = (
			);
			name = "[CP] Copy Pods Resources";
			outputPaths = (
			);
			runOnlyForDeploymentPostprocessing = 0;
			shellPath = /bin/sh;
			shellScript = "\"${SRCROOT}/Pods/Target Support Files/Pods-ChatApp/Pods-ChatApp-resources.sh\"\n";
			showEnvVarsInLog = 0;
		};
		2901872FD6563E10B2A85D8B /* [CP] Check Pods Manifest.lock */ = {
			isa = PBXShellScriptBuildPhase;
			buildActionMask = 2147483647;
			files = (
			);
			inputPaths = (
			);
			name = "[CP] Check Pods Manifest.lock";
			outputPaths = (
			);
			runOnlyForDeploymentPostprocessing = 0;
			shellPath = /bin/sh;
			shellScript = "diff \"${PODS_PODFILE_DIR_PATH}/Podfile.lock\" \"${PODS_ROOT}/Manifest.lock\" > /dev/null\nif [ $? != 0 ] ; then\n    # print error to STDERR\n    echo \"error: The sandbox is not in sync with the Podfile.lock. Run 'pod install' or update your CocoaPods installation.\" >&2\n    exit 1\nfi\n";
			showEnvVarsInLog = 0;
		};
		FD76FE714618C9DCEB31EE1E /* [CP] Embed Pods Frameworks */ = {
			isa = PBXShellScriptBuildPhase;
			buildActionMask = 2147483647;
			files = (
			);
			inputPaths = (
			);
			name = "[CP] Embed Pods Frameworks";
			outputPaths = (
			);
			runOnlyForDeploymentPostprocessing = 0;
			shellPath = /bin/sh;
			shellScript = "\"${SRCROOT}/Pods/Target Support Files/Pods-ChatApp/Pods-ChatApp-frameworks.sh\"\n";
			showEnvVarsInLog = 0;
		};
/* End PBXShellScriptBuildPhase section */

/* Begin PBXSourcesBuildPhase section */
		060ACE641F8FDBD90009E5BF /* Sources */ = {
			isa = PBXSourcesBuildPhase;
			buildActionMask = 2147483647;
			files = (
				06D9D56D1FA141E6001A2C46 /* ProfileVC.swift in Sources */,
				060ACE851F8FF1F60009E5BF /* ChatVC.swift in Sources */,
				062783441F9FE667000F7BDE /* AvatarPickerVC.swift in Sources */,
				061A97611F9D1130004720AA /* RoundedButton.swift in Sources */,
				060B54071FA277C9007027C0 /* Channel.swift in Sources */,
				060ACE871F8FF2140009E5BF /* ChannelVC.swift in Sources */,
				061A0A451FB62C5B00FE8B44 /* MessageCell.swift in Sources */,
				064F78741FB4E1E5008F321F /* Message.swift in Sources */,
				060B54051FA27777007027C0 /* MessageService.swift in Sources */,
				061A97631F9D23AC004720AA /* UserDataService.swift in Sources */,
				06D9D56A1FA0FC6F001A2C46 /* CircleImage.swift in Sources */,
				06F439BA1FAE519F00404A88 /* ChannelCell.swift in Sources */,
				0657573E1F993ACB00F89D18 /* LoginVC.swift in Sources */,
				0612F13A1F9AB0C200CA973D /* AuthService.swift in Sources */,
				060ACE8A1F91278E0009E5BF /* GradientView.swift in Sources */,
				060B540A1FA294F8007027C0 /* AddChannelVC.swift in Sources */,
				060ACE6C1F8FDBD90009E5BF /* AppDelegate.swift in Sources */,
				062783461F9FFBE3000F7BDE /* AvatarCell.swift in Sources */,
				065757401F995E8B00F89D18 /* CreateAcctVC.swift in Sources */,
				061A0A471FB6508400FE8B44 /* RoundLabel.swift in Sources */,
				064F78761FB4F0C6008F321F /* keyboardCustomView.swift in Sources */,
				060ACE881F8FF91E0009E5BF /* SWRevealViewController.m in Sources */,
				0657573C1F99213300F89D18 /* Constants.swift in Sources */,
				06F439B81FAE423600404A88 /* SocketService.swift in Sources */,
			);
			runOnlyForDeploymentPostprocessing = 0;
		};
/* End PBXSourcesBuildPhase section */

/* Begin PBXVariantGroup section */
		060ACE6F1F8FDBD90009E5BF /* Main.storyboard */ = {
			isa = PBXVariantGroup;
			children = (
				060ACE701F8FDBD90009E5BF /* Base */,
			);
			name = Main.storyboard;
			sourceTree = "<group>";
		};
		060ACE741F8FDBD90009E5BF /* LaunchScreen.storyboard */ = {
			isa = PBXVariantGroup;
			children = (
				060ACE751F8FDBD90009E5BF /* Base */,
			);
			name = LaunchScreen.storyboard;
			sourceTree = "<group>";
		};
/* End PBXVariantGroup section */

/* Begin XCBuildConfiguration section */
		060ACE781F8FDBD90009E5BF /* Debug */ = {
			isa = XCBuildConfiguration;
			buildSettings = {
				ALWAYS_SEARCH_USER_PATHS = NO;
				CLANG_ANALYZER_NONNULL = YES;
				CLANG_ANALYZER_NUMBER_OBJECT_CONVERSION = YES_AGGRESSIVE;
				CLANG_CXX_LANGUAGE_STANDARD = "gnu++14";
				CLANG_CXX_LIBRARY = "libc++";
				CLANG_ENABLE_MODULES = YES;
				CLANG_ENABLE_OBJC_ARC = YES;
				CLANG_WARN_BLOCK_CAPTURE_AUTORELEASING = YES;
				CLANG_WARN_BOOL_CONVERSION = YES;
				CLANG_WARN_COMMA = YES;
				CLANG_WARN_CONSTANT_CONVERSION = YES;
				CLANG_WARN_DIRECT_OBJC_ISA_USAGE = YES_ERROR;
				CLANG_WARN_DOCUMENTATION_COMMENTS = YES;
				CLANG_WARN_EMPTY_BODY = YES;
				CLANG_WARN_ENUM_CONVERSION = YES;
				CLANG_WARN_INFINITE_RECURSION = YES;
				CLANG_WARN_INT_CONVERSION = YES;
				CLANG_WARN_NON_LITERAL_NULL_CONVERSION = YES;
				CLANG_WARN_OBJC_LITERAL_CONVERSION = YES;
				CLANG_WARN_OBJC_ROOT_CLASS = YES_ERROR;
				CLANG_WARN_RANGE_LOOP_ANALYSIS = YES;
				CLANG_WARN_STRICT_PROTOTYPES = YES;
				CLANG_WARN_SUSPICIOUS_MOVE = YES;
				CLANG_WARN_UNGUARDED_AVAILABILITY = YES_AGGRESSIVE;
				CLANG_WARN_UNREACHABLE_CODE = YES;
				CLANG_WARN__DUPLICATE_METHOD_MATCH = YES;
				CODE_SIGN_IDENTITY = "iPhone Developer";
				COPY_PHASE_STRIP = NO;
				DEBUG_INFORMATION_FORMAT = dwarf;
				ENABLE_STRICT_OBJC_MSGSEND = YES;
				ENABLE_TESTABILITY = YES;
				GCC_C_LANGUAGE_STANDARD = gnu11;
				GCC_DYNAMIC_NO_PIC = NO;
				GCC_NO_COMMON_BLOCKS = YES;
				GCC_OPTIMIZATION_LEVEL = 0;
				GCC_PREPROCESSOR_DEFINITIONS = (
					"DEBUG=1",
					"$(inherited)",
				);
				GCC_WARN_64_TO_32_BIT_CONVERSION = YES;
				GCC_WARN_ABOUT_RETURN_TYPE = YES_ERROR;
				GCC_WARN_UNDECLARED_SELECTOR = YES;
				GCC_WARN_UNINITIALIZED_AUTOS = YES_AGGRESSIVE;
				GCC_WARN_UNUSED_FUNCTION = YES;
				GCC_WARN_UNUSED_VARIABLE = YES;
				IPHONEOS_DEPLOYMENT_TARGET = 11.0;
				MTL_ENABLE_DEBUG_INFO = YES;
				ONLY_ACTIVE_ARCH = YES;
				SDKROOT = iphoneos;
				SWIFT_ACTIVE_COMPILATION_CONDITIONS = DEBUG;
				SWIFT_OPTIMIZATION_LEVEL = "-Onone";
			};
			name = Debug;
		};
		060ACE791F8FDBD90009E5BF /* Release */ = {
			isa = XCBuildConfiguration;
			buildSettings = {
				ALWAYS_SEARCH_USER_PATHS = NO;
				CLANG_ANALYZER_NONNULL = YES;
				CLANG_ANALYZER_NUMBER_OBJECT_CONVERSION = YES_AGGRESSIVE;
				CLANG_CXX_LANGUAGE_STANDARD = "gnu++14";
				CLANG_CXX_LIBRARY = "libc++";
				CLANG_ENABLE_MODULES = YES;
				CLANG_ENABLE_OBJC_ARC = YES;
				CLANG_WARN_BLOCK_CAPTURE_AUTORELEASING = YES;
				CLANG_WARN_BOOL_CONVERSION = YES;
				CLANG_WARN_COMMA = YES;
				CLANG_WARN_CONSTANT_CONVERSION = YES;
				CLANG_WARN_DIRECT_OBJC_ISA_USAGE = YES_ERROR;
				CLANG_WARN_DOCUMENTATION_COMMENTS = YES;
				CLANG_WARN_EMPTY_BODY = YES;
				CLANG_WARN_ENUM_CONVERSION = YES;
				CLANG_WARN_INFINITE_RECURSION = YES;
				CLANG_WARN_INT_CONVERSION = YES;
				CLANG_WARN_NON_LITERAL_NULL_CONVERSION = YES;
				CLANG_WARN_OBJC_LITERAL_CONVERSION = YES;
				CLANG_WARN_OBJC_ROOT_CLASS = YES_ERROR;
				CLANG_WARN_RANGE_LOOP_ANALYSIS = YES;
				CLANG_WARN_STRICT_PROTOTYPES = YES;
				CLANG_WARN_SUSPICIOUS_MOVE = YES;
				CLANG_WARN_UNGUARDED_AVAILABILITY = YES_AGGRESSIVE;
				CLANG_WARN_UNREACHABLE_CODE = YES;
				CLANG_WARN__DUPLICATE_METHOD_MATCH = YES;
				CODE_SIGN_IDENTITY = "iPhone Developer";
				COPY_PHASE_STRIP = NO;
				DEBUG_INFORMATION_FORMAT = "dwarf-with-dsym";
				ENABLE_NS_ASSERTIONS = NO;
				ENABLE_STRICT_OBJC_MSGSEND = YES;
				GCC_C_LANGUAGE_STANDARD = gnu11;
				GCC_NO_COMMON_BLOCKS = YES;
				GCC_WARN_64_TO_32_BIT_CONVERSION = YES;
				GCC_WARN_ABOUT_RETURN_TYPE = YES_ERROR;
				GCC_WARN_UNDECLARED_SELECTOR = YES;
				GCC_WARN_UNINITIALIZED_AUTOS = YES_AGGRESSIVE;
				GCC_WARN_UNUSED_FUNCTION = YES;
				GCC_WARN_UNUSED_VARIABLE = YES;
				IPHONEOS_DEPLOYMENT_TARGET = 11.0;
				MTL_ENABLE_DEBUG_INFO = NO;
				SDKROOT = iphoneos;
				SWIFT_OPTIMIZATION_LEVEL = "-Owholemodule";
				VALIDATE_PRODUCT = YES;
			};
			name = Release;
		};
		060ACE7B1F8FDBD90009E5BF /* Debug */ = {
			isa = XCBuildConfiguration;
			baseConfigurationReference = B54FE7498515DD2158EDEAB6 /* Pods-ChatApp.debug.xcconfig */;
			buildSettings = {
				ASSETCATALOG_COMPILER_APPICON_NAME = AppIcon;
				CLANG_ENABLE_MODULES = YES;
				CODE_SIGN_STYLE = Automatic;
				DEVELOPMENT_TEAM = YFW23TS6BS;
				INFOPLIST_FILE = ChatApp/Info.plist;
				LD_RUNPATH_SEARCH_PATHS = "$(inherited) @executable_path/Frameworks";
				PRODUCT_BUNDLE_IDENTIFIER = com.graystudio.ChatApp;
				PRODUCT_NAME = "$(TARGET_NAME)";
				SWIFT_OBJC_BRIDGING_HEADER = "Supporting Files/ChatApp-Bridging-Header.h";
				SWIFT_OPTIMIZATION_LEVEL = "-Onone";
				SWIFT_VERSION = 4.0;
				TARGETED_DEVICE_FAMILY = "1,2";
			};
			name = Debug;
		};
		060ACE7C1F8FDBD90009E5BF /* Release */ = {
			isa = XCBuildConfiguration;
			baseConfigurationReference = 1DA9DAC634D043E31FF923DC /* Pods-ChatApp.release.xcconfig */;
			buildSettings = {
				ASSETCATALOG_COMPILER_APPICON_NAME = AppIcon;
				CLANG_ENABLE_MODULES = YES;
				CODE_SIGN_STYLE = Automatic;
				DEVELOPMENT_TEAM = YFW23TS6BS;
				INFOPLIST_FILE = ChatApp/Info.plist;
				LD_RUNPATH_SEARCH_PATHS = "$(inherited) @executable_path/Frameworks";
				PRODUCT_BUNDLE_IDENTIFIER = com.graystudio.ChatApp;
				PRODUCT_NAME = "$(TARGET_NAME)";
				SWIFT_OBJC_BRIDGING_HEADER = "Supporting Files/ChatApp-Bridging-Header.h";
				SWIFT_VERSION = 4.0;
				TARGETED_DEVICE_FAMILY = "1,2";
			};
			name = Release;
		};
/* End XCBuildConfiguration section */

/* Begin XCConfigurationList section */
		060ACE631F8FDBD90009E5BF /* Build configuration list for PBXProject "ChatApp" */ = {
			isa = XCConfigurationList;
			buildConfigurations = (
				060ACE781F8FDBD90009E5BF /* Debug */,
				060ACE791F8FDBD90009E5BF /* Release */,
			);
			defaultConfigurationIsVisible = 0;
			defaultConfigurationName = Release;
		};
		060ACE7A1F8FDBD90009E5BF /* Build configuration list for PBXNativeTarget "ChatApp" */ = {
			isa = XCConfigurationList;
			buildConfigurations = (
				060ACE7B1F8FDBD90009E5BF /* Debug */,
				060ACE7C1F8FDBD90009E5BF /* Release */,
			);
			defaultConfigurationIsVisible = 0;
			defaultConfigurationName = Release;
		};
/* End XCConfigurationList section */
	};
	rootObject = 060ACE601F8FDBD90009E5BF /* Project object */;
}
